
Microsoft Visual Studio Solution File, Format Version 12.00
# Visual Studio Version 16
VisualStudioVersion = 16.0.29920.165
MinimumVisualStudioVersion = 10.0.40219.1
Project("{FAE04EC0-301F-11D3-BF4B-00C04F79EFBC}") = "StaticExercise", "StaticExercise\StaticExercise.csproj", "{F96D516C-5397-43DD-8E0A-AB19E4ACE9DE}"
EndProject
Global
	GlobalSection(SolutionConfigurationPlatforms) = preSolution
		Debug|Any CPU = Debug|Any CPU
		Release|Any CPU = Release|Any CPU
	EndGlobalSection
	GlobalSection(ProjectConfigurationPlatforms) = postSolution
		{F96D516C-5397-43DD-8E0A-AB19E4ACE9DE}.Debug|Any CPU.ActiveCfg = Debug|Any CPU
		{F96D516C-5397-43DD-8E0A-AB19E4ACE9DE}.Debug|Any CPU.Build.0 = Debug|Any CPU
		{F96D516C-5397-43DD-8E0A-AB19E4ACE9DE}.Release|Any CPU.ActiveCfg = Release|Any CPU
		{F96D516C-5397-43DD-8E0A-AB19E4ACE9DE}.Release|Any CPU.Build.0 = Release|Any CPU
	EndGlobalSection
	GlobalSection(SolutionProperties) = preSolution
		HideSolutionNode = FALSE
	EndGlobalSection
	GlobalSection(ExtensibilityGlobals) = postSolution
		SolutionGuid = {7AEE65EE-10B6-480B-A983-C1C7883A1E37}
	EndGlobalSection
EndGlobal
